// !$*UTF8*$!
{
	archiveVersion = 1;
	classes = {
	};
	objectVersion = 56;
	objects = {

/* Begin PBXBuildFile section */
		B10001 /* SharedSpatialAIApp.swift in Sources */ = {isa = PBXBuildFile; fileRef = F10001 /* SharedSpatialAIApp.swift */; };
		B10002 /* SceneModels.swift in Sources */ = {isa = PBXBuildFile; fileRef = F10002 /* SceneModels.swift */; };
		B10003 /* Coordinates.swift in Sources */ = {isa = PBXBuildFile; fileRef = F10003 /* Coordinates.swift */; };
		B10004 /* APIConfig.swift in Sources */ = {isa = PBXBuildFile; fileRef = F10004 /* APIConfig.swift */; };
		B10005 /* APIClient.swift in Sources */ = {isa = PBXBuildFile; fileRef = F10005 /* APIClient.swift */; };
		B10006 /* SceneSyncStore.swift in Sources */ = {isa = PBXBuildFile; fileRef = F10006 /* SceneSyncStore.swift */; };
		B10007 /* RoomPlanExporter.swift in Sources */ = {isa = PBXBuildFile; fileRef = F10007 /* RoomPlanExporter.swift */; };
		B10008 /* RoomCaptureViewController.swift in Sources */ = {isa = PBXBuildFile; fileRef = F10008 /* RoomCaptureViewController.swift */; };
		B10009 /* CaptureFlowView.swift in Sources */ = {isa = PBXBuildFile; fileRef = F10009 /* CaptureFlowView.swift */; };
		B1000A /* SceneViewerView.swift in Sources */ = {isa = PBXBuildFile; fileRef = F1000A /* SceneViewerView.swift */; };
		B1000B /* AROverlayView.swift in Sources */ = {isa = PBXBuildFile; fileRef = F1000B /* AROverlayView.swift */; };
		B1000C /* Assets.xcassets in Resources */ = {isa = PBXBuildFile; fileRef = F1000C /* Assets.xcassets */; };
		B1000D /* RoomPlan.framework in Frameworks */ = {isa = PBXBuildFile; fileRef = F1000D /* RoomPlan.framework */; };
		B1000E /* RealityKit.framework in Frameworks */ = {isa = PBXBuildFile; fileRef = F1000E /* RealityKit.framework */; };
		B1000F /* ARKit.framework in Frameworks */ = {isa = PBXBuildFile; fileRef = F1000F /* ARKit.framework */; };
		B10011 /* CollaborationStubs.swift in Sources */ = {isa = PBXBuildFile; fileRef = F10011 /* CollaborationStubs.swift */; };
/* End PBXBuildFile section */

/* Begin PBXFileReference section */
		F10001 /* SharedSpatialAIApp.swift */ = {isa = PBXFileReference; lastKnownFileType = sourcecode.swift; path = SharedSpatialAIApp.swift; sourceTree = "<group>"; };
		F10002 /* SceneModels.swift */ = {isa = PBXFileReference; lastKnownFileType = sourcecode.swift; path = SceneModels.swift; sourceTree = "<group>"; };
		F10003 /* Coordinates.swift */ = {isa = PBXFileReference; lastKnownFileType = sourcecode.swift; path = Coordinates.swift; sourceTree = "<group>"; };
		F10004 /* APIConfig.swift */ = {isa = PBXFileReference; lastKnownFileType = sourcecode.swift; path = APIConfig.swift; sourceTree = "<group>"; };
		F10005 /* APIClient.swift */ = {isa = PBXFileReference; lastKnownFileType = sourcecode.swift; path = APIClient.swift; sourceTree = "<group>"; };
		F10006 /* SceneSyncStore.swift */ = {isa = PBXFileReference; lastKnownFileType = sourcecode.swift; path = SceneSyncStore.swift; sourceTree = "<group>"; };
		F10007 /* RoomPlanExporter.swift */ = {isa = PBXFileReference; lastKnownFileType = sourcecode.swift; path = RoomPlanExporter.swift; sourceTree = "<group>"; };
		F10008 /* RoomCaptureViewController.swift */ = {isa = PBXFileReference; lastKnownFileType = sourcecode.swift; path = RoomCaptureViewController.swift; sourceTree = "<group>"; };
		F10009 /* CaptureFlowView.swift */ = {isa = PBXFileReference; lastKnownFileType = sourcecode.swift; path = CaptureFlowView.swift; sourceTree = "<group>"; };
		F1000A /* SceneViewerView.swift */ = {isa = PBXFileReference; lastKnownFileType = sourcecode.swift; path = SceneViewerView.swift; sourceTree = "<group>"; };
		F1000B /* AROverlayView.swift */ = {isa = PBXFileReference; lastKnownFileType = sourcecode.swift; path = AROverlayView.swift; sourceTree = "<group>"; };
		F1000C /* Assets.xcassets */ = {isa = PBXFileReference; lastKnownFileType = folder.assetcatalog; path = Assets.xcassets; sourceTree = "<group>"; };
		F1000D /* RoomPlan.framework */ = {isa = PBXFileReference; lastKnownFileType = wrapper.framework; name = RoomPlan.framework; path = System/Library/Frameworks/RoomPlan.framework; sourceTree = SDKROOT; };
		F1000E /* RealityKit.framework */ = {isa = PBXFileReference; lastKnownFileType = wrapper.framework; name = RealityKit.framework; path = System/Library/Frameworks/RealityKit.framework; sourceTree = SDKROOT; };
		F1000F /* ARKit.framework */ = {isa = PBXFileReference; lastKnownFileType = wrapper.framework; name = ARKit.framework; path = System/Library/Frameworks/ARKit.framework; sourceTree = SDKROOT; };
		F10010 /* Info.plist */ = {isa = PBXFileReference; lastKnownFileType = text.plist.xml; path = Info.plist; sourceTree = "<group>"; };
		F10011 /* CollaborationStubs.swift */ = {isa = PBXFileReference; lastKnownFileType = sourcecode.swift; path = CollaborationStubs.swift; sourceTree = "<group>"; };
		P10001 /* SharedSpatialAI.app */ = {isa = PBXFileReference; explicitFileType = wrapper.application; includeInIndex = 0; path = SharedSpatialAI.app; sourceTree = BUILT_PRODUCTS_DIR; };
/* End PBXFileReference section */

/* Begin PBXFrameworksBuildPhase section */
		PH1001 /* Frameworks */ = {
			isa = PBXFrameworksBuildPhase;
			buildActionMask = 2147483647;
			files = (
				B1000D /* RoomPlan.framework in Frameworks */,
				B1000E /* RealityKit.framework in Frameworks */,
				B1000F /* ARKit.framework in Frameworks */,
			);
			runOnlyForDeploymentPostprocessing = 0;
		};
/* End PBXFrameworksBuildPhase section */

/* Begin PBXGroup section */
		G00001 = {
			isa = PBXGroup;
			children = (
				G00002 /* SharedSpatialAI */,
				G00009 /* Frameworks */,
				G0000A /* Products */,
			);
			sourceTree = "<group>";
		};
		G00002 /* SharedSpatialAI */ = {
			isa = PBXGroup;
			children = (
				G00003 /* App */,
				G00004 /* Models */,
				G00005 /* Networking */,
				G00006 /* RoomPlan */,
				G00007 /* Viewer */,
				G00008 /* AR */,
				G0000B /* Resources */,
			);
			path = SharedSpatialAI;
			sourceTree = "<group>";
		};
		G00003 /* App */ = {
			isa = PBXGroup;
			children = (
				F10001 /* SharedSpatialAIApp.swift */,
			);
			path = App;
			sourceTree = "<group>";
		};
		G00004 /* Models */ = {
			isa = PBXGroup;
			children = (
				F10002 /* SceneModels.swift */,
				F10003 /* Coordinates.swift */,
				F10011 /* CollaborationStubs.swift */,
			);
			path = Models;
			sourceTree = "<group>";
		};
		G00005 /* Networking */ = {
			isa = PBXGroup;
			children = (
				F10004 /* APIConfig.swift */,
				F10005 /* APIClient.swift */,
				F10006 /* SceneSyncStore.swift */,
			);
			path = Networking;
			sourceTree = "<group>";
		};
		G00006 /* RoomPlan */ = {
			isa = PBXGroup;
			children = (
				F10007 /* RoomPlanExporter.swift */,
				F10008 /* RoomCaptureViewController.swift */,
				F10009 /* CaptureFlowView.swift */,
			);
			path = RoomPlan;
			sourceTree = "<group>";
		};
		G00007 /* Viewer */ = {
			isa = PBXGroup;
			children = (
				F1000A /* SceneViewerView.swift */,
			);
			path = Viewer;
			sourceTree = "<group>";
		};
		G00008 /* AR */ = {
			isa = PBXGroup;
			children = (
				F1000B /* AROverlayView.swift */,
			);
			path = AR;
			sourceTree = "<group>";
		};
		G00009 /* Frameworks */ = {
			isa = PBXGroup;
			children = (
				F1000D /* RoomPlan.framework */,
				F1000E /* RealityKit.framework */,
				F1000F /* ARKit.framework */,
			);
			name = Frameworks;
			sourceTree = "<group>";
		};
		G0000A /* Products */ = {
			isa = PBXGroup;
			children = (
				P10001 /* SharedSpatialAI.app */,
			);
			name = Products;
			sourceTree = "<group>";
		};
		G0000B /* Resources */ = {
			isa = PBXGroup;
			children = (
				F1000C /* Assets.xcassets */,
				F10010 /* Info.plist */,
			);
			path = Resources;
			sourceTree = "<group>";
		};
/* End PBXGroup section */

/* Begin PBXNativeTarget section */
		T10001 /* SharedSpatialAI */ = {
			isa = PBXNativeTarget;
			buildConfigurationList = C10003 /* Build configuration list for PBXNativeTarget "SharedSpatialAI" */;
			buildPhases = (
				PH1002 /* Sources */,
				PH1001 /* Frameworks */,
				PH1003 /* Resources */,
			);
			buildRules = (
			);
			dependencies = (
			);
			name = SharedSpatialAI;
			productName = SharedSpatialAI;
			productReference = P10001 /* SharedSpatialAI.app */;
			productType = "com.apple.product-type.application";
		};
/* End PBXNativeTarget section */

/* Begin PBXProject section */
		J10001 /* Project object */ = {
			isa = PBXProject;
			attributes = {
				BuildIndependentTargetsInParallel = 1;
				LastSwiftUpdateCheck = 1500;
				LastUpgradeCheck = 1500;
				TargetAttributes = {
					T10001 = {
						CreatedOnToolsVersion = 15.0;
					};
				};
			};
			buildConfigurationList = C10001 /* Build configuration list for PBXProject "SharedSpatialAI" */;
			compatibilityVersion = "Xcode 14.0";
			developmentRegion = en;
			hasScannedForEncodings = 0;
			knownRegions = (
				en,
				Base,
			);
			mainGroup = G00001;
			productRefGroup = G0000A /* Products */;
			projectDirPath = "";
			projectRoot = "";
			targets = (
				T10001 /* SharedSpatialAI */,
			);
		};
/* End PBXProject section */

/* Begin PBXResourcesBuildPhase section */
		PH1003 /* Resources */ = {
			isa = PBXResourcesBuildPhase;
			buildActionMask = 2147483647;
			files = (
				B1000C /* Assets.xcassets in Resources */,
			);
			runOnlyForDeploymentPostprocessing = 0;
		};
/* End PBXResourcesBuildPhase section */

/* Begin PBXSourcesBuildPhase section */
		PH1002 /* Sources */ = {
			isa = PBXSourcesBuildPhase;
			buildActionMask = 2147483647;
			files = (
				B10001 /* SharedSpatialAIApp.swift in Sources */,
				B10002 /* SceneModels.swift in Sources */,
				B10003 /* Coordinates.swift in Sources */,
				B10011 /* CollaborationStubs.swift in Sources */,
				B10004 /* APIConfig.swift in Sources */,
				B10005 /* APIClient.swift in Sources */,
				B10006 /* SceneSyncStore.swift in Sources */,
				B10007 /* RoomPlanExporter.swift in Sources */,
				B10008 /* RoomCaptureViewController.swift in Sources */,
				B10009 /* CaptureFlowView.swift in Sources */,
				B1000A /* SceneViewerView.swift in Sources */,
				B1000B /* AROverlayView.swift in Sources */,
			);
			runOnlyForDeploymentPostprocessing = 0;
		};
/* End PBXSourcesBuildPhase section */

/* Begin XCBuildConfiguration section */
		BC1001 /* Debug */ = {
			isa = XCBuildConfiguration;
			buildSettings = {
				ALWAYS_SEARCH_USER_PATHS = NO;
				CLANG_ENABLE_MODULES = YES;
				CLANG_ENABLE_OBJC_ARC = YES;
				COPY_PHASE_STRIP = NO;
				DEBUG_INFORMATION_FORMAT = dwarf;
				ENABLE_TESTABILITY = YES;
				GCC_DYNAMIC_NO_PIC = NO;
				GCC_OPTIMIZATION_LEVEL = 0;
				IPHONEOS_DEPLOYMENT_TARGET = 17.0;
				MTL_ENABLE_DEBUG_INFO = INCLUDE_SOURCE;
				ONLY_ACTIVE_ARCH = YES;
				SDKROOT = iphoneos;
				SWIFT_ACTIVE_COMPILATION_CONDITIONS = "DEBUG";
				SWIFT_OPTIMIZATION_LEVEL = "-Onone";
			};
			name = Debug;
		};
		BC1002 /* Release */ = {
			isa = XCBuildConfiguration;
			buildSettings = {
				ALWAYS_SEARCH_USER_PATHS = NO;
				CLANG_ENABLE_MODULES = YES;
				CLANG_ENABLE_OBJC_ARC = YES;
				COPY_PHASE_STRIP = NO;
				DEBUG_INFORMATION_FORMAT = "dwarf-with-dsym";
				IPHONEOS_DEPLOYMENT_TARGET = 17.0;
				SDKROOT = iphoneos;
				SWIFT_COMPILATION_MODE = wholemodule;
				VALIDATE_PRODUCT = YES;
			};
			name = Release;
		};
		BC1004 /* Debug */ = {
			isa = XCBuildConfiguration;
			buildSettings = {
				ASSETCATALOG_COMPILER_APPICON_NAME = AppIcon;
				ASSETCATALOG_COMPILER_GLOBAL_ACCENT_COLOR_NAME = AccentColor;
				CODE_SIGN_STYLE = Automatic;
				CURRENT_PROJECT_VERSION = 1;
				DEVELOPMENT_TEAM = "";
				GENERATE_INFOPLIST_FILE = NO;
				INFOPLIST_FILE = SharedSpatialAI/Resources/Info.plist;
				LD_RUNPATH_SEARCH_PATHS = (
					"$(inherited)",
					"@executable_path/Frameworks",
				);
				MARKETING_VERSION = 0.1.0;
				PRODUCT_BUNDLE_IDENTIFIER = com.hackgt.SharedSpatialAI;
				PRODUCT_NAME = "$(TARGET_NAME)";
				SUPPORTED_PLATFORMS = "iphoneos iphonesimulator";
				SUPPORTS_MACCATALYST = NO;
				SWIFT_EMIT_LOC_STRINGS = YES;
				SWIFT_VERSION = 5.0;
				TARGETED_DEVICE_FAMILY = "1,2";
			};
			name = Debug;
		};
		BC1005 /* Release */ = {
			isa = XCBuildConfiguration;
			buildSettings = {
				ASSETCATALOG_COMPILER_APPICON_NAME = AppIcon;
				ASSETCATALOG_COMPILER_GLOBAL_ACCENT_COLOR_NAME = AccentColor;
				CODE_SIGN_STYLE = Automatic;
				CURRENT_PROJECT_VERSION = 1;
				DEVELOPMENT_TEAM = "";
				GENERATE_INFOPLIST_FILE = NO;
				INFOPLIST_FILE = SharedSpatialAI/Resources/Info.plist;
				LD_RUNPATH_SEARCH_PATHS = (
					"$(inherited)",
					"@executable_path/Frameworks",
				);
				MARKETING_VERSION = 0.1.0;
				PRODUCT_BUNDLE_IDENTIFIER = com.hackgt.SharedSpatialAI;
				PRODUCT_NAME = "$(TARGET_NAME)";
				SUPPORTED_PLATFORMS = "iphoneos iphonesimulator";
				SUPPORTS_MACCATALYST = NO;
				SWIFT_EMIT_LOC_STRINGS = YES;
				SWIFT_VERSION = 5.0;
				TARGETED_DEVICE_FAMILY = "1,2";
			};
			name = Release;
		};
/* End XCBuildConfiguration section */

/* Begin XCConfigurationList section */
		C10001 /* Build configuration list for PBXProject "SharedSpatialAI" */ = {
			isa = XCConfigurationList;
			buildConfigurations = (
				BC1001 /* Debug */,
				BC1002 /* Release */,
			);
			defaultConfigurationIsVisible = 0;
			defaultConfigurationName = Release;
		};
		C10003 /* Build configuration list for PBXNativeTarget "SharedSpatialAI" */ = {
			isa = XCConfigurationList;
			buildConfigurations = (
				BC1004 /* Debug */,
				BC1005 /* Release */,
			);
			defaultConfigurationIsVisible = 0;
			defaultConfigurationName = Release;
		};
/* End XCConfigurationList section */
	};
	rootObject = J10001 /* Project object */;
}
